
Microsoft Visual Studio Solution File, Format Version 12.00
# Visual Studio Version 16
VisualStudioVersion = 16.0.30413.136
MinimumVisualStudioVersion = 10.0.40219.1
Project("{FAE04EC0-301F-11D3-BF4B-00C04F79EFBC}") = "Homework4", "Homework4\Homework4.csproj", "{BCA03E9E-34A6-405E-ACC6-B07C38F628AD}"
EndProject
Global
	GlobalSection(SolutionConfigurationPlatforms) = preSolution
		Debug|Any CPU = Debug|Any CPU
		Release|Any CPU = Release|Any CPU
	EndGlobalSection
	GlobalSection(ProjectConfigurationPlatforms) = postSolution
		{BCA03E9E-34A6-405E-ACC6-B07C38F628AD}.Debug|Any CPU.ActiveCfg = Debug|Any CPU
		{BCA03E9E-34A6-405E-ACC6-B07C38F628AD}.Debug|Any CPU.Build.0 = Debug|Any CPU
		{BCA03E9E-34A6-405E-ACC6-B07C38F628AD}.Release|Any CPU.ActiveCfg = Release|Any CPU
		{BCA03E9E-34A6-405E-ACC6-B07C38F628AD}.Release|Any CPU.Build.0 = Release|Any CPU
	EndGlobalSection
	GlobalSection(SolutionProperties) = preSolution
		HideSolutionNode = FALSE
	EndGlobalSection
	GlobalSection(ExtensibilityGlobals) = postSolution
		SolutionGuid = {E8454913-C66C-479F-B410-46A9015709D3}
	EndGlobalSection
EndGlobal
